# This file is automatically @generated by Cargo.
# It is not intended for manual editing.
version = 4

[[package]]
name = "Ncore"
version = "0.1.0"
dependencies = [
 "bootloader_api",
 "executor",
 "hal",
 "hybrid-objects",
 "loader",
 "log",
]

[[package]]
name = "ahash"
version = "0.8.11"
source = "registry+https://github.com/rust-lang/crates.io-index"
checksum = "e89da841a80418a9b391ebaea17f5c112ffaaa96f621d2c285b5174da76b9011"
dependencies = [
 "cfg-if",
 "once_cell",
 "version_check",
 "zerocopy 0.7.35",
]

[[package]]
name = "allocator-api2"
version = "0.2.21"
source = "registry+https://github.com/rust-lang/crates.io-index"
checksum = "683d7910e743518b0e34f1186f92494becacb047c7b6bf616c96772180fef923"

[[package]]
name = "ansi_term"
version = "0.12.1"
source = "registry+https://github.com/rust-lang/crates.io-index"
checksum = "d52a9bb7ec0cf484c551830a7ce27bd20d67eac647e1befb56b0be4ee39a55d2"
dependencies = [
 "winapi",
]

[[package]]
name = "atty"
version = "0.2.14"
source = "registry+https://github.com/rust-lang/crates.io-index"
checksum = "d9b39be18770d11421cdb1b9947a45dd3f37e93092cbf377614828a319d5fee8"
dependencies = [
 "hermit-abi",
 "libc",
 "winapi",
]

[[package]]
name = "autocfg"
version = "1.4.0"
source = "registry+https://github.com/rust-lang/crates.io-index"
checksum = "ace50bade8e6234aa140d9a2f552bbee1db4d353f69b8217bc503490fc1a9f26"

[[package]]
name = "bit_field"
version = "0.10.2"
source = "registry+https://github.com/rust-lang/crates.io-index"
checksum = "dc827186963e592360843fb5ba4b973e145841266c1357f7180c43526f2e5b61"

[[package]]
name = "bitflags"
version = "1.3.2"
source = "registry+https://github.com/rust-lang/crates.io-index"
checksum = "bef38d45163c2f1dde094a7dfd33ccf595c92905c8f8f4fdc18d06fb1037718a"

[[package]]
name = "bitflags"
version = "2.9.1"
source = "registry+https://github.com/rust-lang/crates.io-index"
checksum = "1b8e56985ec62d17e9c1001dc89c88ecd7dc08e47eba5ec7c29c7b5eeecde967"

[[package]]
name = "bitmap-allocator"
version = "0.2.0"
source = "git+https://github.com/rcore-os/bitmap-allocator#f5f7fc7a22bf83703ff64f528a58a9414da9a8e4"
dependencies = [
 "bit_field",
]

[[package]]
name = "bitvec"
version = "1.0.1"
source = "registry+https://github.com/rust-lang/crates.io-index"
checksum = "1bc2832c24239b0141d5674bb9174f9d68a8b5b3f2753311927c172ca46f7e9c"
dependencies = [
 "funty",
 "radium",
 "tap",
 "wyz",
]

[[package]]
name = "bootloader_api"
version = "0.11.10"
source = "registry+https://github.com/rust-lang/crates.io-index"
checksum = "77fadafc2a2fa690f4f14a2e2a41c65d9e810b7fe959245bdf6d3b9c6d7e4bf1"

[[package]]
name = "buddy_system_allocator"
version = "0.10.0"
source = "registry+https://github.com/rust-lang/crates.io-index"
checksum = "a7913f22349ffcfc6ca0ca9a656ec26cfbba538ed49c31a273dff2c5d1ea83d9"
dependencies = [
 "spin 0.9.8",
]

[[package]]
name = "buddy_system_allocator"
version = "0.11.0"
source = "registry+https://github.com/rust-lang/crates.io-index"
checksum = "a1a0108968a3a2dab95b089c0fc3f1afa7759aa5ebe6f1d86d206d6f7ba726eb"
dependencies = [
 "spin 0.9.8",
]

[[package]]
name = "byteorder"
version = "1.5.0"
source = "registry+https://github.com/rust-lang/crates.io-index"
checksum = "1fd0f2584146f6f2ef48085050886acf353beff7305ebd1ae69500e27c67f64b"

[[package]]
name = "cfg-if"
version = "1.0.0"
source = "registry+https://github.com/rust-lang/crates.io-index"
checksum = "baf1de4339761588bc0619e3cbc0120ee582ebb74b53b4efbf79117bd2da40fd"

[[package]]
name = "clap"
version = "2.34.0"
source = "registry+https://github.com/rust-lang/crates.io-index"
checksum = "a0610544180c38b88101fecf2dd634b174a62eef6946f84dfc6a7127512b381c"
dependencies = [
 "ansi_term",
 "atty",
 "bitflags 1.3.2",
 "strsim",
 "textwrap",
 "unicode-width",
 "vec_map",
]

[[package]]
name = "downcast-rs"
version = "1.2.1"
source = "registry+https://github.com/rust-lang/crates.io-index"
checksum = "75b325c5dbd37f80359721ad39aca5a29fb04c89279657cffdda8736d0c0b9d2"

[[package]]
name = "executor"
version = "0.1.0"
dependencies = [
 "lazy_static",
 "log",
 "spin 0.10.0",
 "woke",
]

[[package]]
name = "filetime"
version = "0.2.25"
source = "registry+https://github.com/rust-lang/crates.io-index"
checksum = "35c0522e981e68cbfa8c3f978441a5f34b30b96e146b33cd3359176b50fe8586"
dependencies = [
 "cfg-if",
 "libc",
 "libredox",
 "windows-sys",
]

[[package]]
name = "funty"
version = "2.0.0"
source = "registry+https://github.com/rust-lang/crates.io-index"
checksum = "e6d5a32815ae3f33302d95fdcb2ce17862f8c65363dcfd29360480ba1001fc9c"

[[package]]
name = "futures-core"
version = "0.3.31"
source = "registry+https://github.com/rust-lang/crates.io-index"
checksum = "05f29059c0c2090612e8d742178b0580d2dc940c837851ad723096f87af6663e"

[[package]]
name = "futures-task"
version = "0.3.31"
source = "registry+https://github.com/rust-lang/crates.io-index"
checksum = "f90f7dce0722e95104fcb095585910c0977252f286e354b5e3bd38902cd99988"

[[package]]
name = "futures-util"
version = "0.3.31"
source = "registry+https://github.com/rust-lang/crates.io-index"
checksum = "9fa08315bb612088cc391249efdc3bc77536f16c91f6cf495e6fbe85b20a4a81"
dependencies = [
 "futures-core",
 "futures-task",
 "pin-project-lite",
 "pin-utils",
]

[[package]]
name = "getrandom"
version = "0.3.2"
source = "registry+https://github.com/rust-lang/crates.io-index"
checksum = "73fea8450eea4bac3940448fb7ae50d91f034f941199fcd9d909a5a07aa455f0"
dependencies = [
 "cfg-if",
 "libc",
 "r-efi",
 "wasi",
]

[[package]]
name = "hal"
version = "0.1.0"
dependencies = [
 "bitflags 1.3.2",
 "cfg-if",
 "log",
 "numeric-enum-macro",
 "raw-cpuid 11.5.0",
 "spin 0.10.0",
 "x86_64",
]

[[package]]
name = "hashbrown"
version = "0.14.5"
source = "registry+https://github.com/rust-lang/crates.io-index"
checksum = "e5274423e17b7c9fc20b6e7e208532f9b19825d82dfd615708b70edd83df41f1"
dependencies = [
 "ahash",
 "allocator-api2",
]

[[package]]
name = "hermit-abi"
version = "0.1.19"
source = "registry+https://github.com/rust-lang/crates.io-index"
checksum = "62b467343b94ba476dcb2500d242dadbb39557df889310ac77c5d99100aaac33"
dependencies = [
 "libc",
]

[[package]]
name = "hybrid-objects"
version = "0.1.0"
dependencies = [
 "bitflags 1.3.2",
 "bitmap-allocator",
 "bootloader_api",
 "buddy_system_allocator 0.10.0",
 "downcast-rs",
 "futures-util",
 "hal",
 "hashbrown",
 "isomorphic_drivers",
 "lazy_static",
 "log",
 "num",
 "num-derive",
 "num-traits",
 "pci",
 "rcore-fs",
 "rcore-fs-sfs",
 "requests-info",
 "spin 0.9.8",
 "trapframe",
 "user-syscall",
 "woke",
 "x86_64",
 "xmas-elf",
 "zerocopy 0.7.35",
]

[[package]]
name = "hybrid-syscalls"
version = "0.1.0"
dependencies = [
 "hal",
 "hybrid-objects",
 "log",
 "num",
 "num-derive",
 "num-traits",
 "requests-info",
 "spin 0.10.0",
 "user-syscall",
 "x86_64",
]

[[package]]
name = "isomorphic_drivers"
version = "0.1.0"
source = "git+https://github.com/rcore-os/isomorphic_drivers#f7cd97a867057142f06de7f254accf7960514a79"
dependencies = [
 "bit_field",
 "bitflags 1.3.2",
 "spin 0.9.8",
 "volatile 0.3.0",
]

[[package]]
name = "lazy_static"
version = "1.5.0"
source = "registry+https://github.com/rust-lang/crates.io-index"
checksum = "bbd2bcb4c963f2ddae06a2efc7e9f3591312473c50c6685e1f298068316e66fe"
dependencies = [
 "spin 0.9.8",
]

[[package]]
name = "libc"
version = "0.2.172"
source = "registry+https://github.com/rust-lang/crates.io-index"
checksum = "d750af042f7ef4f724306de029d18836c26c1765a54a6a3f094cbd23a7267ffa"

[[package]]
name = "libredox"
version = "0.1.3"
source = "registry+https://github.com/rust-lang/crates.io-index"
checksum = "c0ff37bd590ca25063e35af745c343cb7a0271906fb7b37e4813e8f79f00268d"
dependencies = [
 "bitflags 2.9.1",
 "libc",
 "redox_syscall",
]

[[package]]
name = "loader"
version = "0.1.0"
dependencies = [
 "bootloader_api",
 "cfg-if",
 "executor",
 "hal",
 "hybrid-objects",
 "hybrid-syscalls",
 "log",
 "monolithic-objects",
 "monolithic-syscalls",
 "trapframe",
]

[[package]]
name = "lock_api"
version = "0.4.12"
source = "registry+https://github.com/rust-lang/crates.io-index"
checksum = "07af8b9cdd281b7915f413fa73f29ebd5d55d0d3f0155584dade1ff18cea1b17"
dependencies = [
 "autocfg",
 "scopeguard",
]

[[package]]
name = "log"
version = "0.4.27"
source = "registry+https://github.com/rust-lang/crates.io-index"
checksum = "13dc2df351e3202783a1fe0d44375f7295ffb4049267b0f3018346dc122a1d94"

[[package]]
name = "monolithic-objects"
version = "0.1.0"
dependencies = [
 "bitflags 2.9.1",
 "executor",
 "hybrid-objects",
 "lazy_static",
 "log",
 "rcore-fs",
 "spin 0.10.0",
 "trapframe",
 "x86_64",
 "xmas-elf",
]

[[package]]
name = "monolithic-syscalls"
version = "0.1.0"
dependencies = [
 "executor",
 "hal",
 "hybrid-objects",
 "log",
 "monolithic-objects",
 "num-derive",
 "num-traits",
 "rcore-fs",
 "spin 0.10.0",
 "trapframe",
 "user-syscall",
]

[[package]]
name = "num"
version = "0.4.3"
source = "registry+https://github.com/rust-lang/crates.io-index"
checksum = "35bd024e8b2ff75562e5f34e7f4905839deb4b22955ef5e73d2fea1b9813cb23"
dependencies = [
 "num-complex",
 "num-integer",
 "num-iter",
 "num-rational",
 "num-traits",
]

[[package]]
name = "num-complex"
version = "0.4.6"
source = "registry+https://github.com/rust-lang/crates.io-index"
checksum = "73f88a1307638156682bada9d7604135552957b7818057dcef22705b4d509495"
dependencies = [
 "num-traits",
]

[[package]]
name = "num-derive"
version = "0.4.2"
source = "registry+https://github.com/rust-lang/crates.io-index"
checksum = "ed3955f1a9c7c0c15e092f9c887db08b1fc683305fdf6eb6684f22555355e202"
dependencies = [
 "proc-macro2",
 "quote",
 "syn",
]

[[package]]
name = "num-integer"
version = "0.1.46"
source = "registry+https://github.com/rust-lang/crates.io-index"
checksum = "7969661fd2958a5cb096e56c8e1ad0444ac2bbcd0061bd28660485a44879858f"
dependencies = [
 "num-traits",
]

[[package]]
name = "num-iter"
version = "0.1.45"
source = "registry+https://github.com/rust-lang/crates.io-index"
checksum = "1429034a0490724d0075ebb2bc9e875d6503c3cf69e235a8941aa757d83ef5bf"
dependencies = [
 "autocfg",
 "num-integer",
 "num-traits",
]

[[package]]
name = "num-rational"
version = "0.4.2"
source = "registry+https://github.com/rust-lang/crates.io-index"
checksum = "f83d14da390562dca69fc84082e73e548e1ad308d24accdedd2720017cb37824"
dependencies = [
 "num-integer",
 "num-traits",
]

[[package]]
name = "num-traits"
version = "0.2.19"
source = "registry+https://github.com/rust-lang/crates.io-index"
checksum = "071dfc062690e90b734c0b2273ce72ad0ffa95f0c74596bc250dcfd960262841"
dependencies = [
 "autocfg",
]

[[package]]
name = "numeric-enum-macro"
version = "0.2.0"
source = "registry+https://github.com/rust-lang/crates.io-index"
checksum = "300e4bdb6b46b592948e700ea1ef24a4296491f6a0ee722b258040abd15a3714"

[[package]]
name = "once_cell"
version = "1.21.3"
source = "registry+https://github.com/rust-lang/crates.io-index"
checksum = "42f5e15c9953c5e4ccceeb2e7382a716482c34515315f7b03532b8b4e8393d2d"

[[package]]
name = "pci"
version = "0.1.0"
source = "git+https://github.com/rcore-os/pci-rs#e3e143e966ff24072d079222fef2e11dc4b23af7"
dependencies = [
 "bitflags 1.3.2",
 "log",
]

[[package]]
name = "pin-project-lite"
version = "0.2.16"
source = "registry+https://github.com/rust-lang/crates.io-index"
checksum = "3b3cff922bd51709b605d9ead9aa71031d81447142d828eb4a6eba76fe619f9b"

[[package]]
name = "pin-utils"
version = "0.1.0"
source = "registry+https://github.com/rust-lang/crates.io-index"
checksum = "8b870d8c151b6f2fb93e84a13146138f05d02ed11c7e7c54f8826aaaf7c9f184"

[[package]]
name = "ppv-lite86"
version = "0.2.21"
source = "registry+https://github.com/rust-lang/crates.io-index"
checksum = "85eae3c4ed2f50dcfe72643da4befc30deadb458a9b590d720cde2f2b1e97da9"
dependencies = [
 "zerocopy 0.8.25",
]

[[package]]
name = "proc-macro2"
version = "1.0.95"
source = "registry+https://github.com/rust-lang/crates.io-index"
checksum = "02b3e5e68a3a1a02aad3ec490a98007cbc13c37cbe84a3cd7b8e406d76e7f778"
dependencies = [
 "unicode-ident",
]

[[package]]
name = "quote"
version = "1.0.40"
source = "registry+https://github.com/rust-lang/crates.io-index"
checksum = "1885c039570dc00dcb4ff087a89e185fd56bae234ddc7f056a945bf36467248d"
dependencies = [
 "proc-macro2",
]

[[package]]
name = "r-efi"
version = "5.2.0"
source = "registry+https://github.com/rust-lang/crates.io-index"
checksum = "74765f6d916ee2faa39bc8e68e4f3ed8949b48cccdac59983d287a7cb71ce9c5"

[[package]]
name = "radium"
version = "0.7.0"
source = "registry+https://github.com/rust-lang/crates.io-index"
checksum = "dc33ff2d4973d518d823d61aa239014831e521c75da58e3df4840d3f47749d09"

[[package]]
name = "rand"
version = "0.9.1"
source = "registry+https://github.com/rust-lang/crates.io-index"
checksum = "9fbfd9d094a40bf3ae768db9361049ace4c0e04a4fd6b359518bd7b73a73dd97"
dependencies = [
 "rand_chacha",
 "rand_core",
]

[[package]]
name = "rand_chacha"
version = "0.9.0"
source = "registry+https://github.com/rust-lang/crates.io-index"
checksum = "d3022b5f1df60f26e1ffddd6c66e8aa15de382ae63b3a0c1bfc0e4d3e3f325cb"
dependencies = [
 "ppv-lite86",
 "rand_core",
]

[[package]]
name = "rand_core"
version = "0.9.3"
source = "registry+https://github.com/rust-lang/crates.io-index"
checksum = "99d9a13982dcf210057a8a78572b2217b667c3beacbf3a0d8b454f6f82837d38"
dependencies = [
 "getrandom",
]

[[package]]
name = "raw-cpuid"
version = "10.7.0"
source = "registry+https://github.com/rust-lang/crates.io-index"
checksum = "6c297679cb867470fa8c9f67dbba74a78d78e3e98d7cf2b08d6d71540f797332"
dependencies = [
 "bitflags 1.3.2",
]

[[package]]
name = "raw-cpuid"
version = "11.5.0"
source = "registry+https://github.com/rust-lang/crates.io-index"
checksum = "c6df7ab838ed27997ba19a4664507e6f82b41fe6e20be42929332156e5e85146"
dependencies = [
 "bitflags 2.9.1",
]

[[package]]
name = "rcore-fs"
version = "0.1.0"
source = "git+https://github.com/rcore-os/rcore-fs#3cdbe41f2fa4b9122e81ddd833c0fa339e5ac016"
dependencies = [
 "filetime",
 "spin 0.9.8",
 "winapi",
]

[[package]]
name = "rcore-fs-sfs"
version = "0.1.0"
source = "git+https://github.com/rcore-os/rcore-fs#3cdbe41f2fa4b9122e81ddd833c0fa339e5ac016"
dependencies = [
 "bitvec",
 "log",
 "rcore-fs",
 "spin 0.9.8",
 "static_assertions",
]

[[package]]
name = "rcore-fs-use"
version = "0.1.0"
dependencies = [
 "clap",
 "rand",
 "rcore-fs",
 "rcore-fs-sfs",
]

[[package]]
name = "redox_syscall"
version = "0.5.11"
source = "registry+https://github.com/rust-lang/crates.io-index"
checksum = "d2f103c6d277498fbceb16e84d317e2a400f160f46904d5f5410848c829511a3"
dependencies = [
 "bitflags 2.9.1",
]

[[package]]
name = "requests-info"
version = "0.1.0"
dependencies = [
 "user-syscall",
]

[[package]]
name = "rustversion"
version = "1.0.20"
source = "registry+https://github.com/rust-lang/crates.io-index"
checksum = "eded382c5f5f786b989652c49544c4877d9f015cc22e145a5ea8ea66c2921cd2"

[[package]]
name = "scopeguard"
version = "1.2.0"
source = "registry+https://github.com/rust-lang/crates.io-index"
checksum = "94143f37725109f92c262ed2cf5e59bce7498c01bcc1502d7b9afe439a4e9f49"

[[package]]
name = "spin"
version = "0.9.8"
source = "registry+https://github.com/rust-lang/crates.io-index"
checksum = "6980e8d7511241f8acf4aebddbb1ff938df5eebe98691418c4468d0b72a96a67"
dependencies = [
 "lock_api",
]

[[package]]
name = "spin"
version = "0.10.0"
source = "registry+https://github.com/rust-lang/crates.io-index"
checksum = "d5fe4ccb98d9c292d56fec89a5e07da7fc4cf0dc11e156b41793132775d3e591"
dependencies = [
 "lock_api",
]

[[package]]
name = "static_assertions"
version = "1.1.0"
source = "registry+https://github.com/rust-lang/crates.io-index"
checksum = "a2eb9349b6444b326872e140eb1cf5e7c522154d69e7a0ffb0fb81c06b37543f"

[[package]]
name = "strsim"
version = "0.8.0"
source = "registry+https://github.com/rust-lang/crates.io-index"
checksum = "8ea5119cdb4c55b55d432abb513a0429384878c15dde60cc77b1c99de1a95a6a"

[[package]]
name = "syn"
version = "2.0.101"
source = "registry+https://github.com/rust-lang/crates.io-index"
checksum = "8ce2b7fc941b3a24138a0a7cf8e858bfc6a992e7978a068a5c760deb0ed43caf"
dependencies = [
 "proc-macro2",
 "quote",
 "unicode-ident",
]

[[package]]
name = "tap"
version = "1.0.1"
source = "registry+https://github.com/rust-lang/crates.io-index"
checksum = "55937e1799185b12863d447f42597ed69d9928686b8d88a1df17376a097d8369"

[[package]]
name = "textwrap"
version = "0.11.0"
source = "registry+https://github.com/rust-lang/crates.io-index"
checksum = "d326610f408c7a4eb6f51c37c330e496b08506c9457c9d34287ecc38809fb060"
dependencies = [
 "unicode-width",
]

[[package]]
name = "trapframe"
version = "0.9.0"
dependencies = [
 "raw-cpuid 10.7.0",
 "x86_64",
]

[[package]]
name = "unicode-ident"
version = "1.0.18"
source = "registry+https://github.com/rust-lang/crates.io-index"
checksum = "5a5f39404a5da50712a4c1eecf25e90dd62b613502b7e925fd4e4d19b5c96512"

[[package]]
name = "unicode-width"
version = "0.1.14"
source = "registry+https://github.com/rust-lang/crates.io-index"
checksum = "7dd6e30e90baa6f72411720665d41d89b9a3d039dc45b8faea1ddd07f617f6af"

[[package]]
name = "user-syscall"
version = "0.1.0"
dependencies = [
 "bitflags 1.3.2",
 "hal",
 "num-derive",
 "num-traits",
 "rcore-fs",
 "spin 0.9.8",
]

[[package]]
name = "user_lib"
version = "0.1.0"
dependencies = [
 "bitflags 1.3.2",
 "buddy_system_allocator 0.11.0",
 "log",
 "user-syscall",
]

[[package]]
name = "vec_map"
version = "0.8.2"
source = "registry+https://github.com/rust-lang/crates.io-index"
checksum = "f1bddf1187be692e79c5ffeab891132dfb0f236ed36a43c7ed39f1165ee20191"

[[package]]
name = "version_check"
version = "0.9.5"
source = "registry+https://github.com/rust-lang/crates.io-index"
checksum = "0b928f33d975fc6ad9f86c8f283853ad26bdd5b10b7f1542aa2fa15e2289105a"

[[package]]
name = "volatile"
version = "0.3.0"
source = "registry+https://github.com/rust-lang/crates.io-index"
checksum = "f8e76fae08f03f96e166d2dfda232190638c10e0383841252416f9cfe2ae60e6"

[[package]]
name = "volatile"
version = "0.4.6"
source = "registry+https://github.com/rust-lang/crates.io-index"
checksum = "442887c63f2c839b346c192d047a7c87e73d0689c9157b00b53dcc27dd5ea793"

[[package]]
name = "wasi"
version = "0.14.2+wasi-0.2.4"
source = "registry+https://github.com/rust-lang/crates.io-index"
checksum = "9683f9a5a998d873c0d21fcbe3c083009670149a8fab228644b8bd36b2c48cb3"
dependencies = [
 "wit-bindgen-rt",
]

[[package]]
name = "winapi"
version = "0.3.9"
source = "registry+https://github.com/rust-lang/crates.io-index"
checksum = "5c839a674fcd7a98952e593242ea400abe93992746761e38641405d28b00f419"
dependencies = [
 "winapi-i686-pc-windows-gnu",
 "winapi-x86_64-pc-windows-gnu",
]

[[package]]
name = "winapi-i686-pc-windows-gnu"
version = "0.4.0"
source = "registry+https://github.com/rust-lang/crates.io-index"
checksum = "ac3b87c63620426dd9b991e5ce0329eff545bccbbb34f3be09ff6fb6ab51b7b6"

[[package]]
name = "winapi-x86_64-pc-windows-gnu"
version = "0.4.0"
source = "registry+https://github.com/rust-lang/crates.io-index"
checksum = "712e227841d057c1ee1cd2fb22fa7e5a5461ae8e48fa2ca79ec42cfc1931183f"

[[package]]
name = "windows-sys"
version = "0.59.0"
source = "registry+https://github.com/rust-lang/crates.io-index"
checksum = "1e38bc4d79ed67fd075bcc251a1c39b32a1776bbe92e5bef1f0bf1f8c531853b"
dependencies = [
 "windows-targets",
]

[[package]]
name = "windows-targets"
version = "0.52.6"
source = "registry+https://github.com/rust-lang/crates.io-index"
checksum = "9b724f72796e036ab90c1021d4780d4d3d648aca59e491e6b98e725b84e99973"
dependencies = [
 "windows_aarch64_gnullvm",
 "windows_aarch64_msvc",
 "windows_i686_gnu",
 "windows_i686_gnullvm",
 "windows_i686_msvc",
 "windows_x86_64_gnu",
 "windows_x86_64_gnullvm",
 "windows_x86_64_msvc",
]

[[package]]
name = "windows_aarch64_gnullvm"
version = "0.52.6"
source = "registry+https://github.com/rust-lang/crates.io-index"
checksum = "32a4622180e7a0ec044bb555404c800bc9fd9ec262ec147edd5989ccd0c02cd3"

[[package]]
name = "windows_aarch64_msvc"
version = "0.52.6"
source = "registry+https://github.com/rust-lang/crates.io-index"
checksum = "09ec2a7bb152e2252b53fa7803150007879548bc709c039df7627cabbd05d469"

[[package]]
name = "windows_i686_gnu"
version = "0.52.6"
source = "registry+https://github.com/rust-lang/crates.io-index"
checksum = "8e9b5ad5ab802e97eb8e295ac6720e509ee4c243f69d781394014ebfe8bbfa0b"

[[package]]
name = "windows_i686_gnullvm"
version = "0.52.6"
source = "registry+https://github.com/rust-lang/crates.io-index"
checksum = "0eee52d38c090b3caa76c563b86c3a4bd71ef1a819287c19d586d7334ae8ed66"

[[package]]
name = "windows_i686_msvc"
version = "0.52.6"
source = "registry+https://github.com/rust-lang/crates.io-index"
checksum = "240948bc05c5e7c6dabba28bf89d89ffce3e303022809e73deaefe4f6ec56c66"

[[package]]
name = "windows_x86_64_gnu"
version = "0.52.6"
source = "registry+https://github.com/rust-lang/crates.io-index"
checksum = "147a5c80aabfbf0c7d901cb5895d1de30ef2907eb21fbbab29ca94c5b08b1a78"

[[package]]
name = "windows_x86_64_gnullvm"
version = "0.52.6"
source = "registry+https://github.com/rust-lang/crates.io-index"
checksum = "24d5b23dc417412679681396f2b49f3de8c1473deb516bd34410872eff51ed0d"

[[package]]
name = "windows_x86_64_msvc"
version = "0.52.6"
source = "registry+https://github.com/rust-lang/crates.io-index"
checksum = "589f6da84c646204747d1270a2a5661ea66ed1cced2631d546fdfb155959f9ec"

[[package]]
name = "wit-bindgen-rt"
version = "0.39.0"
source = "registry+https://github.com/rust-lang/crates.io-index"
checksum = "6f42320e61fe2cfd34354ecb597f86f413484a798ba44a8ca1165c58d42da6c1"
dependencies = [
 "bitflags 2.9.1",
]

[[package]]
name = "woke"
version = "0.0.4"
source = "registry+https://github.com/rust-lang/crates.io-index"
checksum = "f84a0acf95762131790eb4f458d5b9c8ae90dc521f8c5901906203764b261b0b"

[[package]]
name = "wyz"
version = "0.5.1"
source = "registry+https://github.com/rust-lang/crates.io-index"
checksum = "05f360fc0b24296329c78fda852a1e9ae82de9cf7b27dae4b7f62f118f77b9ed"
dependencies = [
 "tap",
]

[[package]]
name = "x86_64"
version = "0.15.2"
source = "registry+https://github.com/rust-lang/crates.io-index"
checksum = "0f042214de98141e9c8706e8192b73f56494087cc55ebec28ce10f26c5c364ae"
dependencies = [
 "bit_field",
 "bitflags 2.9.1",
 "rustversion",
 "volatile 0.4.6",
]

[[package]]
name = "xmas-elf"
version = "0.10.0"
source = "registry+https://github.com/rust-lang/crates.io-index"
checksum = "18245fcbb8b3de8dd198ce7944fdd4096986fd6cd306b0fcfa27df817bd545d6"
dependencies = [
 "zero",
]

[[package]]
name = "zero"
version = "0.1.3"
source = "registry+https://github.com/rust-lang/crates.io-index"
checksum = "2fe21bcc34ca7fe6dd56cc2cb1261ea59d6b93620215aefb5ea6032265527784"

[[package]]
name = "zerocopy"
version = "0.7.35"
source = "registry+https://github.com/rust-lang/crates.io-index"
checksum = "1b9b4fd18abc82b8136838da5d50bae7bdea537c574d8dc1a34ed098d6c166f0"
dependencies = [
 "byteorder",
 "zerocopy-derive 0.7.35",
]

[[package]]
name = "zerocopy"
version = "0.8.25"
source = "registry+https://github.com/rust-lang/crates.io-index"
checksum = "a1702d9583232ddb9174e01bb7c15a2ab8fb1bc6f227aa1233858c351a3ba0cb"
dependencies = [
 "zerocopy-derive 0.8.25",
]

[[package]]
name = "zerocopy-derive"
version = "0.7.35"
source = "registry+https://github.com/rust-lang/crates.io-index"
checksum = "fa4f8080344d4671fb4e831a13ad1e68092748387dfc4f55e356242fae12ce3e"
dependencies = [
 "proc-macro2",
 "quote",
 "syn",
]

[[package]]
name = "zerocopy-derive"
version = "0.8.25"
source = "registry+https://github.com/rust-lang/crates.io-index"
checksum = "28a6e20d751156648aa063f3800b706ee209a32c0b4d9f24be3d980b01be55ef"
dependencies = [
 "proc-macro2",
 "quote",
 "syn",
]
